# This file is automatically @generated by Cargo.
# It is not intended for manual editing.
[[package]]
name = "addr2line"
version = "0.14.1"
source = "registry+https://github.com/rust-lang/crates.io-index"
checksum = "a55f82cfe485775d02112886f4169bde0c5894d75e79ead7eafe7e40a25e45f7"
dependencies = [
 "gimli",
]

[[package]]
name = "adler"
version = "0.2.3"
source = "registry+https://github.com/rust-lang/crates.io-index"
checksum = "ee2a4ec343196209d6594e19543ae87a39f96d5534d7174822a3ad825dd6ed7e"

[[package]]
name = "ansi_term"
version = "0.11.0"
source = "registry+https://github.com/rust-lang/crates.io-index"
checksum = "ee49baf6cb617b853aa8d93bf420db2383fab46d314482ca2803b40d5fde979b"
dependencies = [
 "winapi",
]

[[package]]
name = "arrayvec"
version = "0.5.2"
source = "registry+https://github.com/rust-lang/crates.io-index"
checksum = "23b62fc65de8e4e7f52534fb52b0f3ed04746ae267519eef2a83941e8085068b"

[[package]]
name = "ascii"
version = "0.9.3"
source = "registry+https://github.com/rust-lang/crates.io-index"
checksum = "eab1c04a571841102f5345a8fc0f6bb3d31c315dec879b5c6e42e40ce7ffa34e"

[[package]]
name = "ascii"
version = "1.0.0"
source = "registry+https://github.com/rust-lang/crates.io-index"
checksum = "bbf56136a5198c7b01a49e3afcbef6cf84597273d298f54432926024107b0109"

[[package]]
name = "async-trait"
version = "0.1.42"
source = "registry+https://github.com/rust-lang/crates.io-index"
checksum = "8d3a45e77e34375a7923b1e8febb049bb011f064714a8e17a1a616fef01da13d"
dependencies = [
 "proc-macro2 1.0.24",
 "quote 1.0.8",
 "syn 1.0.58",
]

[[package]]
name = "atty"
version = "0.2.11"
source = "registry+https://github.com/rust-lang/crates.io-index"
checksum = "9a7d5b8723950951411ee34d271d99dddcc2035a16ab25310ea2c8cfd4369652"
dependencies = [
 "libc",
 "termion",
 "winapi",
]

[[package]]
name = "autocfg"
version = "0.1.7"
source = "registry+https://github.com/rust-lang/crates.io-index"
checksum = "1d49d90015b3c36167a20fe2810c5cd875ad504b39cff3d4eae7977e6b7c1cb2"

[[package]]
name = "autocfg"
version = "1.0.1"
source = "registry+https://github.com/rust-lang/crates.io-index"
checksum = "cdb031dd78e28731d87d56cc8ffef4a8f36ca26c38fe2de700543e627f8a464a"

[[package]]
name = "backtrace"
version = "0.3.55"
source = "registry+https://github.com/rust-lang/crates.io-index"
checksum = "ef5140344c85b01f9bbb4d4b7288a8aa4b3287ccef913a14bcc78a1063623598"
dependencies = [
 "addr2line",
 "cfg-if 1.0.0",
 "libc",
 "miniz_oxide",
 "object",
 "rustc-demangle",
]

[[package]]
name = "bitflags"
version = "1.2.1"
source = "registry+https://github.com/rust-lang/crates.io-index"
checksum = "cf1de2fe8c75bc145a2f577add951f8134889b4795d47466a54a5c846d691693"

[[package]]
name = "bitvec"
version = "0.19.4"
source = "registry+https://github.com/rust-lang/crates.io-index"
checksum = "a7ba35e9565969edb811639dbebfe34edc0368e472c5018474c8eb2543397f81"
dependencies = [
 "funty",
 "radium",
 "tap",
 "wyz",
]

[[package]]
name = "block-buffer"
version = "0.7.3"
source = "registry+https://github.com/rust-lang/crates.io-index"
checksum = "c0940dc441f31689269e10ac70eb1002a3a1d3ad1390e030043662eb7fe4688b"
dependencies = [
 "block-padding",
 "byte-tools",
 "byteorder",
 "generic-array",
]

[[package]]
name = "block-padding"
version = "0.1.5"
source = "registry+https://github.com/rust-lang/crates.io-index"
checksum = "fa79dedbb091f449f1f39e53edf88d5dbe95f895dae6135a8d7b881fb5af73f5"
dependencies = [
 "byte-tools",
]

[[package]]
name = "byte-tools"
version = "0.3.1"
source = "registry+https://github.com/rust-lang/crates.io-index"
checksum = "e3b5ca7a04898ad4bcd41c90c5285445ff5b791899bb1b0abdd2a2aa791211d7"

[[package]]
name = "byteorder"
version = "1.4.2"
source = "registry+https://github.com/rust-lang/crates.io-index"
checksum = "ae44d1a3d5a19df61dd0c8beb138458ac2a53a7ac09eba97d55592540004306b"

[[package]]
name = "cerbero"
version = "0.0.20"
dependencies = [
 "chrono",
 "clap",
 "kerbeiros",
 "kerberos_asn1 0.2.1",
 "kerberos_ccache",
 "kerberos_constants",
 "kerberos_crypto 0.3.6",
 "kerberos_keytab",
 "log",
 "ms_dtyp",
 "ms_pac",
 "ms_samr",
 "rand 0.6.5",
 "stderrlog",
 "trust-dns-resolver",
]

[[package]]
name = "cfg-if"
version = "0.1.10"
source = "registry+https://github.com/rust-lang/crates.io-index"
checksum = "4785bdd1c96b2a846b2bd7cc02e86b6b3dbf14e7e53446c4f54c92a361040822"

[[package]]
name = "cfg-if"
version = "1.0.0"
source = "registry+https://github.com/rust-lang/crates.io-index"
checksum = "baf1de4339761588bc0619e3cbc0120ee582ebb74b53b4efbf79117bd2da40fd"

[[package]]
name = "chrono"
version = "0.4.19"
source = "registry+https://github.com/rust-lang/crates.io-index"
checksum = "670ad68c9088c2a963aaa298cb369688cf3f9465ce5e2d4ca10e6e0098a1ce73"
dependencies = [
 "libc",
 "num-integer",
 "num-traits",
 "time",
 "winapi",
]

[[package]]
name = "clap"
version = "2.33.3"
source = "registry+https://github.com/rust-lang/crates.io-index"
checksum = "37e58ac78573c40708d45522f0d80fa2f01cc4f9b4e2bf749807255454312002"
dependencies = [
 "ansi_term",
 "atty",
 "bitflags",
 "strsim",
 "textwrap",
 "unicode-width",
 "vec_map",
]

[[package]]
name = "cloudabi"
version = "0.0.3"
source = "registry+https://github.com/rust-lang/crates.io-index"
checksum = "ddfc5b9aa5d4507acaf872de71051dfd0e309860e88966e1051e462a077aac4f"
dependencies = [
 "bitflags",
]

[[package]]
name = "data-encoding"
version = "2.3.1"
source = "registry+https://github.com/rust-lang/crates.io-index"
checksum = "993a608597367c6377b258c25d7120740f00ed23a2252b729b1932dd7866f908"

[[package]]
name = "digest"
version = "0.8.1"
source = "registry+https://github.com/rust-lang/crates.io-index"
checksum = "f3d0c8c8752312f9713efd397ff63acb9f85585afbf179282e720e7704954dd5"
dependencies = [
 "generic-array",
]

[[package]]
name = "dns-lookup"
version = "1.0.5"
source = "registry+https://github.com/rust-lang/crates.io-index"
checksum = "093d88961fd18c4ecacb8c80cd0b356463ba941ba11e0e01f9cf5271380b79dc"
dependencies = [
 "cfg-if 1.0.0",
 "libc",
 "socket2",
 "winapi",
]

[[package]]
name = "enum-as-inner"
version = "0.3.3"
source = "registry+https://github.com/rust-lang/crates.io-index"
checksum = "7c5f0096a91d210159eceb2ff5e1c4da18388a170e1e3ce948aac9c8fdbbf595"
dependencies = [
 "heck",
 "proc-macro2 1.0.24",
 "quote 1.0.8",
 "syn 1.0.58",
]

[[package]]
name = "failure"
version = "0.1.8"
source = "registry+https://github.com/rust-lang/crates.io-index"
checksum = "d32e9bd16cc02eae7db7ef620b392808b89f6a5e16bb3497d159c6b92a0f4f86"
dependencies = [
 "backtrace",
 "failure_derive",
]

[[package]]
name = "failure_derive"
version = "0.1.8"
source = "registry+https://github.com/rust-lang/crates.io-index"
checksum = "aa4da3c766cd7a0db8242e326e9e4e081edd567072893ed320008189715366a4"
dependencies = [
 "proc-macro2 1.0.24",
 "quote 1.0.8",
 "syn 1.0.58",
 "synstructure",
]

[[package]]
name = "fake-simd"
version = "0.1.2"
source = "registry+https://github.com/rust-lang/crates.io-index"
checksum = "e88a8acf291dafb59c2d96e8f59828f3838bb1a70398823ade51a84de6a6deed"

[[package]]
name = "form_urlencoded"
version = "1.0.0"
source = "registry+https://github.com/rust-lang/crates.io-index"
checksum = "ece68d15c92e84fa4f19d3780f1294e5ca82a78a6d515f1efaabcc144688be00"
dependencies = [
 "matches",
 "percent-encoding",
]

[[package]]
name = "fuchsia-cprng"
version = "0.1.1"
source = "registry+https://github.com/rust-lang/crates.io-index"
checksum = "a06f77d526c1a601b7c4cdd98f54b5eaabffc14d5f2f0296febdc7f357c6d3ba"

[[package]]
name = "funty"
version = "1.1.0"
source = "registry+https://github.com/rust-lang/crates.io-index"
checksum = "fed34cd105917e91daa4da6b3728c47b068749d6a62c59811f06ed2ac71d9da7"

[[package]]
name = "futures-channel"
version = "0.3.9"
source = "registry+https://github.com/rust-lang/crates.io-index"
checksum = "f01c61843314e95f96cc9245702248733a3a3d744e43e2e755e3c7af8348a0a9"
dependencies = [
 "futures-core",
]

[[package]]
name = "futures-core"
version = "0.3.9"
source = "registry+https://github.com/rust-lang/crates.io-index"
checksum = "db8d3b0917ff63a2a96173133c02818fac4a746b0a57569d3baca9ec0e945e08"

[[package]]
name = "futures-io"
version = "0.3.9"
source = "registry+https://github.com/rust-lang/crates.io-index"
checksum = "e37c1a51b037b80922864b8eed90692c5cd8abd4c71ce49b77146caa47f3253b"

[[package]]
name = "futures-task"
version = "0.3.9"
source = "registry+https://github.com/rust-lang/crates.io-index"
checksum = "a92a0843a2ff66823a8f7c77bffe9a09be2b64e533562c412d63075643ec0038"
dependencies = [
 "once_cell",
]

[[package]]
name = "futures-util"
version = "0.3.9"
source = "registry+https://github.com/rust-lang/crates.io-index"
checksum = "036a2107cdeb57f6d7322f1b6c363dad67cd63ca3b7d1b925bdf75bd5d96cda9"
dependencies = [
 "futures-core",
 "futures-task",
 "pin-project-lite",
 "pin-utils",
 "slab",
]

[[package]]
name = "gcc"
version = "0.3.55"
source = "registry+https://github.com/rust-lang/crates.io-index"
checksum = "8f5f3913fa0bfe7ee1fd8248b6b9f42a5af4b9d65ec2dd2c3c26132b950ecfc2"

[[package]]
name = "generic-array"
version = "0.12.3"
source = "registry+https://github.com/rust-lang/crates.io-index"
checksum = "c68f0274ae0e023facc3c97b2e00f076be70e254bc851d972503b328db79b2ec"
dependencies = [
 "typenum",
]

[[package]]
name = "getrandom"
version = "0.2.1"
source = "registry+https://github.com/rust-lang/crates.io-index"
checksum = "4060f4657be78b8e766215b02b18a2e862d83745545de804638e2b545e81aee6"
dependencies = [
 "cfg-if 1.0.0",
 "libc",
 "wasi",
]

[[package]]
name = "getset"
version = "0.1.1"
source = "registry+https://github.com/rust-lang/crates.io-index"
checksum = "24b328c01a4d71d2d8173daa93562a73ab0fe85616876f02500f53d82948c504"
dependencies = [
 "proc-macro-error",
 "proc-macro2 1.0.24",
 "quote 1.0.8",
 "syn 1.0.58",
]

[[package]]
name = "gimli"
version = "0.23.0"
source = "registry+https://github.com/rust-lang/crates.io-index"
checksum = "f6503fe142514ca4799d4c26297c4248239fe8838d827db6bd6065c6ed29a6ce"

[[package]]
name = "heck"
version = "0.3.2"
source = "registry+https://github.com/rust-lang/crates.io-index"
checksum = "87cbf45460356b7deeb5e3415b5563308c0a9b057c85e12b06ad551f98d0a6ac"
dependencies = [
 "unicode-segmentation",
]

[[package]]
name = "hermit-abi"
version = "0.1.17"
source = "registry+https://github.com/rust-lang/crates.io-index"
checksum = "5aca5565f760fb5b220e499d72710ed156fdb74e631659e99377d9ebfbd13ae8"
dependencies = [
 "libc",
]

[[package]]
name = "hostname"
version = "0.3.1"
source = "registry+https://github.com/rust-lang/crates.io-index"
checksum = "3c731c3e10504cc8ed35cfe2f1db4c9274c3d35fa486e3b31df46f068ef3e867"
dependencies = [
 "libc",
 "match_cfg",
 "winapi",
]

[[package]]
name = "idna"
version = "0.2.0"
source = "registry+https://github.com/rust-lang/crates.io-index"
checksum = "02e2673c30ee86b5b96a9cb52ad15718aa1f966f5ab9ad54a8b95d5ca33120a9"
dependencies = [
 "matches",
 "unicode-bidi",
 "unicode-normalization",
]

[[package]]
name = "instant"
version = "0.1.9"
source = "registry+https://github.com/rust-lang/crates.io-index"
checksum = "61124eeebbd69b8190558df225adf7e4caafce0d743919e5d6b19652314ec5ec"
dependencies = [
 "cfg-if 1.0.0",
]

[[package]]
name = "ipconfig"
version = "0.2.2"
source = "registry+https://github.com/rust-lang/crates.io-index"
checksum = "f7e2f18aece9709094573a9f24f483c4f65caa4298e2f7ae1b71cc65d853fad7"
dependencies = [
 "socket2",
 "widestring",
 "winapi",
 "winreg",
]

[[package]]
name = "ipnet"
version = "2.3.0"
source = "registry+https://github.com/rust-lang/crates.io-index"
checksum = "47be2f14c678be2fdcab04ab1171db51b2762ce6f0a8ee87c8dd4a04ed216135"

[[package]]
name = "kerbeiros"
version = "0.2.2"
source = "registry+https://github.com/rust-lang/crates.io-index"
checksum = "2329d9ba4dbacaf78ee16f1d2779f1ee183c2280fb89802393e70097cd396062"
dependencies = [
 "ascii 0.9.3",
 "chrono",
 "dns-lookup",
 "failure",
 "failure_derive",
 "getset",
 "kerberos_asn1 0.0.8",
 "kerberos_ccache",
 "kerberos_constants",
 "kerberos_crypto 0.0.2",
 "rand 0.6.5",
]

[[package]]
name = "kerberos_asn1"
version = "0.0.8"
source = "registry+https://github.com/rust-lang/crates.io-index"
checksum = "e13c1435e38c9cdeaa7cbb67d33f45a5bf8ab6b53d5b9128f4c96a77d17d86cd"
dependencies = [
 "chrono",
 "kerberos_constants",
 "red_asn1",
 "red_asn1_derive",
]

[[package]]
name = "kerberos_asn1"
version = "0.2.1"
source = "registry+https://github.com/rust-lang/crates.io-index"
checksum = "de7d1035824e174d56801872c180d2bb52b161550d5fe9e778ff3028d97ead02"
dependencies = [
 "chrono",
 "kerberos_constants",
 "red_asn1",
 "red_asn1_derive",
]

[[package]]
name = "kerberos_ccache"
version = "0.0.7"
source = "registry+https://github.com/rust-lang/crates.io-index"
checksum = "27a064d799c685df1fa06868019f6212cad3a167ce5ac5d04ba80e0dc1f7681d"
dependencies = [
 "chrono",
 "failure",
 "failure_derive",
 "kerberos_asn1 0.2.1",
 "kerberos_constants",
 "nom 5.1.2",
]

[[package]]
name = "kerberos_constants"
version = "0.0.9"
source = "registry+https://github.com/rust-lang/crates.io-index"
checksum = "eba4eb8f77e2e5727d337663bb0f38632a05620bc9abab37aead47c7f5c7a3bd"

[[package]]
name = "kerberos_crypto"
version = "0.0.2"
source = "registry+https://github.com/rust-lang/crates.io-index"
checksum = "f743e1c9d5469365b166ec0c4cf137957bfc918ad701f5ec9c8c9073ef26c6c6"
dependencies = [
 "chrono",
 "failure",
 "kerberos_constants",
 "md4",
 "num",
 "rand 0.6.5",
 "rust-crypto",
]

[[package]]
name = "kerberos_crypto"
version = "0.3.6"
source = "registry+https://github.com/rust-lang/crates.io-index"
checksum = "9abe983f3ea0246dc79c1d81c81d9267716911382e650a68216bcadf684be557"
dependencies = [
 "chrono",
 "failure",
 "kerberos_constants",
 "md4",
 "num",
 "rand 0.6.5",
 "rust-crypto",
]

[[package]]
name = "kerberos_keytab"
version = "0.0.2"
source = "registry+https://github.com/rust-lang/crates.io-index"
checksum = "7939a780fc1dac1052c4542a6c02ca234ca477f661d42af0b1aef10d5d5f1521"
dependencies = [
 "nom 6.0.1",
]

[[package]]
name = "lazy_static"
version = "0.2.11"
source = "registry+https://github.com/rust-lang/crates.io-index"
checksum = "76f033c7ad61445c5b347c7382dd1237847eb1bce590fe50365dcb33d546be73"

[[package]]
name = "lazy_static"
version = "1.4.0"
source = "registry+https://github.com/rust-lang/crates.io-index"
checksum = "e2abad23fbc42b3700f2f279844dc832adb2b2eb069b2df918f455c4e18cc646"

[[package]]
name = "lexical-core"
version = "0.7.4"
source = "registry+https://github.com/rust-lang/crates.io-index"
checksum = "db65c6da02e61f55dae90a0ae427b2a5f6b3e8db09f58d10efab23af92592616"
dependencies = [
 "arrayvec",
 "bitflags",
 "cfg-if 0.1.10",
 "ryu",
 "static_assertions",
]

[[package]]
name = "libc"
version = "0.2.82"
source = "registry+https://github.com/rust-lang/crates.io-index"
checksum = "89203f3fba0a3795506acaad8ebce3c80c0af93f994d5a1d7a0b1eeb23271929"

[[package]]
name = "linked-hash-map"
version = "0.5.4"
source = "registry+https://github.com/rust-lang/crates.io-index"
checksum = "7fb9b38af92608140b86b693604b9ffcc5824240a484d1ecd4795bacb2fe88f3"

[[package]]
name = "lock_api"
version = "0.4.2"
source = "registry+https://github.com/rust-lang/crates.io-index"
checksum = "dd96ffd135b2fd7b973ac026d28085defbe8983df057ced3eb4f2130b0831312"
dependencies = [
 "scopeguard",
]

[[package]]
name = "log"
version = "0.4.13"
source = "registry+https://github.com/rust-lang/crates.io-index"
checksum = "fcf3805d4480bb5b86070dcfeb9e2cb2ebc148adb753c5cca5f884d1d65a42b2"
dependencies = [
 "cfg-if 0.1.10",
]

[[package]]
name = "lru-cache"
version = "0.1.2"
source = "registry+https://github.com/rust-lang/crates.io-index"
checksum = "31e24f1ad8321ca0e8a1e0ac13f23cb668e6f5466c2c57319f6a5cf1cc8e3b1c"
dependencies = [
 "linked-hash-map",
]

[[package]]
name = "match_cfg"
version = "0.1.0"
source = "registry+https://github.com/rust-lang/crates.io-index"
checksum = "ffbee8634e0d45d258acb448e7eaab3fce7a0a467395d4d9f228e3c1f01fb2e4"

[[package]]
name = "matches"
version = "0.1.8"
source = "registry+https://github.com/rust-lang/crates.io-index"
checksum = "7ffc5c5338469d4d3ea17d269fa8ea3512ad247247c30bd2df69e68309ed0a08"

[[package]]
name = "md4"
version = "0.8.0"
source = "registry+https://github.com/rust-lang/crates.io-index"
checksum = "a4030c65cf2aab7ada769cae7d1e7159f8d034d6ded4f39afba037f094bfd9a1"
dependencies = [
 "block-buffer",
 "digest",
 "fake-simd",
 "opaque-debug",
]

[[package]]
name = "memchr"
version = "2.3.4"
source = "registry+https://github.com/rust-lang/crates.io-index"
checksum = "0ee1c47aaa256ecabcaea351eae4a9b01ef39ed810004e298d2511ed284b1525"

[[package]]
name = "miniz_oxide"
version = "0.4.3"
source = "registry+https://github.com/rust-lang/crates.io-index"
checksum = "0f2d26ec3309788e423cfbf68ad1800f061638098d76a83681af979dc4eda19d"
dependencies = [
 "adler",
 "autocfg 1.0.1",
]

[[package]]
name = "mio"
version = "0.7.7"
source = "registry+https://github.com/rust-lang/crates.io-index"
checksum = "e50ae3f04d169fcc9bde0b547d1c205219b7157e07ded9c5aff03e0637cb3ed7"
dependencies = [
 "libc",
 "log",
 "miow",
 "ntapi",
 "winapi",
]

[[package]]
name = "miow"
version = "0.3.6"
source = "registry+https://github.com/rust-lang/crates.io-index"
checksum = "5a33c1b55807fbed163481b5ba66db4b2fa6cde694a5027be10fb724206c5897"
dependencies = [
 "socket2",
 "winapi",
]

[[package]]
name = "ms_adts"
version = "0.0.1"
source = "registry+https://github.com/rust-lang/crates.io-index"
checksum = "c5705c36dc15940dc36b1f68b59ade96cc85a67a7c5176961507b3b7b3115683"
dependencies = [
 "ms_dtyp",
]

[[package]]
name = "ms_dtyp"
version = "0.0.3"
source = "registry+https://github.com/rust-lang/crates.io-index"
checksum = "c0ba84425d6c5dfd0743029b5a240c528ca9172348fcc17820520066ab90cf27"

[[package]]
name = "ms_pac"
version = "0.0.4"
source = "registry+https://github.com/rust-lang/crates.io-index"
checksum = "74da2c8e1d125e8f3c8b81e6467c3e7eb924e9129ac5e38f66c54d48a231d297"
dependencies = [
 "ms_adts",
 "ms_dtyp",
]

[[package]]
name = "ms_samr"
version = "0.0.2"
source = "registry+https://github.com/rust-lang/crates.io-index"
checksum = "8e148680c5b8f71696692303a3c6dc931139e592294b9ec238e6aa19d97ca719"
dependencies = [
 "ms_dtyp",
]

[[package]]
name = "nom"
version = "5.1.2"
source = "registry+https://github.com/rust-lang/crates.io-index"
checksum = "ffb4262d26ed83a1c0a33a38fe2bb15797329c85770da05e6b828ddb782627af"
dependencies = [
 "lexical-core",
 "memchr",
 "version_check",
]

[[package]]
name = "nom"
version = "6.0.1"
source = "registry+https://github.com/rust-lang/crates.io-index"
checksum = "88034cfd6b4a0d54dd14f4a507eceee36c0b70e5a02236c4e4df571102be17f0"
dependencies = [
 "bitvec",
 "lexical-core",
 "memchr",
 "version_check",
]

[[package]]
name = "ntapi"
version = "0.3.6"
source = "registry+https://github.com/rust-lang/crates.io-index"
checksum = "3f6bb902e437b6d86e03cce10a7e2af662292c5dfef23b65899ea3ac9354ad44"
dependencies = [
 "winapi",
]

[[package]]
name = "num"
version = "0.2.1"
source = "registry+https://github.com/rust-lang/crates.io-index"
checksum = "b8536030f9fea7127f841b45bb6243b27255787fb4eb83958aa1ef9d2fdc0c36"
dependencies = [
 "num-bigint",
 "num-complex",
 "num-integer",
 "num-iter",
 "num-rational",
 "num-traits",
]

[[package]]
name = "num-bigint"
version = "0.2.6"
source = "registry+https://github.com/rust-lang/crates.io-index"
checksum = "090c7f9998ee0ff65aa5b723e4009f7b217707f1fb5ea551329cc4d6231fb304"
dependencies = [
 "autocfg 1.0.1",
 "num-integer",
 "num-traits",
]

[[package]]
name = "num-complex"
version = "0.2.4"
source = "registry+https://github.com/rust-lang/crates.io-index"
checksum = "b6b19411a9719e753aff12e5187b74d60d3dc449ec3f4dc21e3989c3f554bc95"
dependencies = [
 "autocfg 1.0.1",
 "num-traits",
]

[[package]]
name = "num-integer"
version = "0.1.44"
source = "registry+https://github.com/rust-lang/crates.io-index"
checksum = "d2cc698a63b549a70bc047073d2949cce27cd1c7b0a4a862d08a8031bc2801db"
dependencies = [
 "autocfg 1.0.1",
 "num-traits",
]

[[package]]
name = "num-iter"
version = "0.1.42"
source = "registry+https://github.com/rust-lang/crates.io-index"
checksum = "b2021c8337a54d21aca0d59a92577a029af9431cb59b909b03252b9c164fad59"
dependencies = [
 "autocfg 1.0.1",
 "num-integer",
 "num-traits",
]

[[package]]
name = "num-rational"
version = "0.2.4"
source = "registry+https://github.com/rust-lang/crates.io-index"
checksum = "5c000134b5dbf44adc5cb772486d335293351644b801551abe8f75c84cfa4aef"
dependencies = [
 "autocfg 1.0.1",
 "num-bigint",
 "num-integer",
 "num-traits",
]

[[package]]
name = "num-traits"
version = "0.2.14"
source = "registry+https://github.com/rust-lang/crates.io-index"
checksum = "9a64b1ec5cda2586e284722486d802acf1f7dbdc623e2bfc57e65ca1cd099290"
dependencies = [
 "autocfg 1.0.1",
]

[[package]]
name = "num_cpus"
version = "1.13.0"
source = "registry+https://github.com/rust-lang/crates.io-index"
checksum = "05499f3756671c15885fee9034446956fff3f243d6077b91e5767df161f766b3"
dependencies = [
 "hermit-abi",
 "libc",
]

[[package]]
name = "numtoa"
version = "0.1.0"
source = "registry+https://github.com/rust-lang/crates.io-index"
checksum = "b8f8bdf33df195859076e54ab11ee78a1b208382d3a26ec40d142ffc1ecc49ef"

[[package]]
name = "object"
version = "0.22.0"
source = "registry+https://github.com/rust-lang/crates.io-index"
checksum = "8d3b63360ec3cb337817c2dbd47ab4a0f170d285d8e5a2064600f3def1402397"

[[package]]
name = "once_cell"
version = "1.5.2"
source = "registry+https://github.com/rust-lang/crates.io-index"
checksum = "13bd41f508810a131401606d54ac32a467c97172d74ba7662562ebba5ad07fa0"

[[package]]
name = "opaque-debug"
version = "0.2.3"
source = "registry+https://github.com/rust-lang/crates.io-index"
checksum = "2839e79665f131bdb5782e51f2c6c9599c133c6098982a54c794358bf432529c"

[[package]]
name = "parking_lot"
version = "0.11.1"
source = "registry+https://github.com/rust-lang/crates.io-index"
checksum = "6d7744ac029df22dca6284efe4e898991d28e3085c706c972bcd7da4a27a15eb"
dependencies = [
 "instant",
 "lock_api",
 "parking_lot_core",
]

[[package]]
name = "parking_lot_core"
version = "0.8.2"
source = "registry+https://github.com/rust-lang/crates.io-index"
checksum = "9ccb628cad4f84851442432c60ad8e1f607e29752d0bf072cbd0baf28aa34272"
dependencies = [
 "cfg-if 1.0.0",
 "instant",
 "libc",
 "redox_syscall",
 "smallvec",
 "winapi",
]

[[package]]
name = "percent-encoding"
version = "2.1.0"
source = "registry+https://github.com/rust-lang/crates.io-index"
checksum = "d4fd5641d01c8f18a23da7b6fe29298ff4b55afcccdf78973b24cf3175fee32e"

[[package]]
name = "pin-project-lite"
version = "0.2.4"
source = "registry+https://github.com/rust-lang/crates.io-index"
checksum = "439697af366c49a6d0a010c56a0d97685bc140ce0d377b13a2ea2aa42d64a827"

[[package]]
name = "pin-utils"
version = "0.1.0"
source = "registry+https://github.com/rust-lang/crates.io-index"
checksum = "8b870d8c151b6f2fb93e84a13146138f05d02ed11c7e7c54f8826aaaf7c9f184"

[[package]]
name = "ppv-lite86"
version = "0.2.10"
source = "registry+https://github.com/rust-lang/crates.io-index"
checksum = "ac74c624d6b2d21f425f752262f42188365d7b8ff1aff74c82e45136510a4857"

[[package]]
name = "proc-macro-error"
version = "1.0.4"
source = "registry+https://github.com/rust-lang/crates.io-index"
checksum = "da25490ff9892aab3fcf7c36f08cfb902dd3e71ca0f9f9517bea02a73a5ce38c"
dependencies = [
 "proc-macro-error-attr",
 "proc-macro2 1.0.24",
 "quote 1.0.8",
 "syn 1.0.58",
 "version_check",
]

[[package]]
name = "proc-macro-error-attr"
version = "1.0.4"
source = "registry+https://github.com/rust-lang/crates.io-index"
checksum = "a1be40180e52ecc98ad80b184934baf3d0d29f979574e439af5a55274b35f869"
dependencies = [
 "proc-macro2 1.0.24",
 "quote 1.0.8",
 "version_check",
]

[[package]]
name = "proc-macro2"
version = "0.4.30"
source = "registry+https://github.com/rust-lang/crates.io-index"
checksum = "cf3d2011ab5c909338f7887f4fc896d35932e29146c12c8d01da6b22a80ba759"
dependencies = [
 "unicode-xid 0.1.0",
]

[[package]]
name = "proc-macro2"
version = "1.0.24"
source = "registry+https://github.com/rust-lang/crates.io-index"
checksum = "1e0704ee1a7e00d7bb417d0770ea303c1bccbabf0ef1667dae92b5967f5f8a71"
dependencies = [
 "unicode-xid 0.2.1",
]

[[package]]
name = "quick-error"
version = "1.2.3"
source = "registry+https://github.com/rust-lang/crates.io-index"
checksum = "a1d01941d82fa2ab50be1e79e6714289dd7cde78eba4c074bc5a4374f650dfe0"

[[package]]
name = "quote"
version = "0.6.13"
source = "registry+https://github.com/rust-lang/crates.io-index"
checksum = "6ce23b6b870e8f94f81fb0a363d65d86675884b34a09043c81e5562f11c1f8e1"
dependencies = [
 "proc-macro2 0.4.30",
]

[[package]]
name = "quote"
version = "1.0.8"
source = "registry+https://github.com/rust-lang/crates.io-index"
checksum = "991431c3519a3f36861882da93630ce66b52918dcf1b8e2fd66b397fc96f28df"
dependencies = [
 "proc-macro2 1.0.24",
]

[[package]]
name = "radium"
version = "0.5.3"
source = "registry+https://github.com/rust-lang/crates.io-index"
checksum = "941ba9d78d8e2f7ce474c015eea4d9c6d25b6a3327f9832ee29a4de27f91bbb8"

[[package]]
name = "rand"
version = "0.3.23"
source = "registry+https://github.com/rust-lang/crates.io-index"
checksum = "64ac302d8f83c0c1974bf758f6b041c6c8ada916fbb44a609158ca8b064cc76c"
dependencies = [
 "libc",
 "rand 0.4.6",
]

[[package]]
name = "rand"
version = "0.4.6"
source = "registry+https://github.com/rust-lang/crates.io-index"
checksum = "552840b97013b1a26992c11eac34bdd778e464601a4c2054b5f0bff7c6761293"
dependencies = [
 "fuchsia-cprng",
 "libc",
 "rand_core 0.3.1",
 "rdrand",
 "winapi",
]

[[package]]
name = "rand"
version = "0.6.5"
source = "registry+https://github.com/rust-lang/crates.io-index"
checksum = "6d71dacdc3c88c1fde3885a3be3fbab9f35724e6ce99467f7d9c5026132184ca"
dependencies = [
 "autocfg 0.1.7",
 "libc",
 "rand_chacha 0.1.1",
 "rand_core 0.4.2",
 "rand_hc 0.1.0",
 "rand_isaac",
 "rand_jitter",
 "rand_os",
 "rand_pcg",
 "rand_xorshift",
 "winapi",
]

[[package]]
name = "rand"
version = "0.8.1"
source = "registry+https://github.com/rust-lang/crates.io-index"
checksum = "c24fcd450d3fa2b592732565aa4f17a27a61c65ece4726353e000939b0edee34"
dependencies = [
 "libc",
 "rand_chacha 0.3.0",
 "rand_core 0.6.1",
 "rand_hc 0.3.0",
]

[[package]]
name = "rand_chacha"
version = "0.1.1"
source = "registry+https://github.com/rust-lang/crates.io-index"
checksum = "556d3a1ca6600bfcbab7c7c91ccb085ac7fbbcd70e008a98742e7847f4f7bcef"
dependencies = [
 "autocfg 0.1.7",
 "rand_core 0.3.1",
]

[[package]]
name = "rand_chacha"
version = "0.3.0"
source = "registry+https://github.com/rust-lang/crates.io-index"
checksum = "e12735cf05c9e10bf21534da50a147b924d555dc7a547c42e6bb2d5b6017ae0d"
dependencies = [
 "ppv-lite86",
 "rand_core 0.6.1",
]

[[package]]
name = "rand_core"
version = "0.3.1"
source = "registry+https://github.com/rust-lang/crates.io-index"
checksum = "7a6fdeb83b075e8266dcc8762c22776f6877a63111121f5f8c7411e5be7eed4b"
dependencies = [
 "rand_core 0.4.2",
]

[[package]]
name = "rand_core"
version = "0.4.2"
source = "registry+https://github.com/rust-lang/crates.io-index"
checksum = "9c33a3c44ca05fa6f1807d8e6743f3824e8509beca625669633be0acbdf509dc"

[[package]]
name = "rand_core"
version = "0.6.1"
source = "registry+https://github.com/rust-lang/crates.io-index"
checksum = "c026d7df8b298d90ccbbc5190bd04d85e159eaf5576caeacf8741da93ccbd2e5"
dependencies = [
 "getrandom",
]

[[package]]
name = "rand_hc"
version = "0.1.0"
source = "registry+https://github.com/rust-lang/crates.io-index"
checksum = "7b40677c7be09ae76218dc623efbf7b18e34bced3f38883af07bb75630a21bc4"
dependencies = [
 "rand_core 0.3.1",
]

[[package]]
name = "rand_hc"
version = "0.3.0"
source = "registry+https://github.com/rust-lang/crates.io-index"
checksum = "3190ef7066a446f2e7f42e239d161e905420ccab01eb967c9eb27d21b2322a73"
dependencies = [
 "rand_core 0.6.1",
]

[[package]]
name = "rand_isaac"
version = "0.1.1"
source = "registry+https://github.com/rust-lang/crates.io-index"
checksum = "ded997c9d5f13925be2a6fd7e66bf1872597f759fd9dd93513dd7e92e5a5ee08"
dependencies = [
 "rand_core 0.3.1",
]

[[package]]
name = "rand_jitter"
version = "0.1.4"
source = "registry+https://github.com/rust-lang/crates.io-index"
checksum = "1166d5c91dc97b88d1decc3285bb0a99ed84b05cfd0bc2341bdf2d43fc41e39b"
dependencies = [
 "libc",
 "rand_core 0.4.2",
 "winapi",
]

[[package]]
name = "rand_os"
version = "0.1.3"
source = "registry+https://github.com/rust-lang/crates.io-index"
checksum = "7b75f676a1e053fc562eafbb47838d67c84801e38fc1ba459e8f180deabd5071"
dependencies = [
 "cloudabi",
 "fuchsia-cprng",
 "libc",
 "rand_core 0.4.2",
 "rdrand",
 "winapi",
]

[[package]]
name = "rand_pcg"
version = "0.1.2"
source = "registry+https://github.com/rust-lang/crates.io-index"
checksum = "abf9b09b01790cfe0364f52bf32995ea3c39f4d2dd011eac241d2914146d0b44"
dependencies = [
 "autocfg 0.1.7",
 "rand_core 0.4.2",
]

[[package]]
name = "rand_xorshift"
version = "0.1.1"
source = "registry+https://github.com/rust-lang/crates.io-index"
checksum = "cbf7e9e623549b0e21f6e97cf8ecf247c1a8fd2e8a992ae265314300b2455d5c"
dependencies = [
 "rand_core 0.3.1",
]

[[package]]
name = "rdrand"
version = "0.4.0"
source = "registry+https://github.com/rust-lang/crates.io-index"
checksum = "678054eb77286b51581ba43620cc911abf02758c91f93f479767aed0f90458b2"
dependencies = [
 "rand_core 0.3.1",
]

[[package]]
name = "red_asn1"
version = "0.3.3"
source = "registry+https://github.com/rust-lang/crates.io-index"
checksum = "ff8188b9ad0efc4bc6103d3302090b3a01049359675f533a7cadf35ad13c66aa"
dependencies = [
 "ascii 1.0.0",
 "chrono",
 "nom 5.1.2",
]

[[package]]
name = "red_asn1_derive"
version = "0.2.1"
source = "registry+https://github.com/rust-lang/crates.io-index"
checksum = "d2f5f7e64ef27fcecf72d37957f607819e3b3a41232226ee4609962c86a674e2"
dependencies = [
 "failure",
 "failure_derive",
 "proc-macro2 0.4.30",
 "quote 0.6.13",
 "syn 0.15.44",
]

[[package]]
name = "redox_syscall"
version = "0.1.57"
source = "registry+https://github.com/rust-lang/crates.io-index"
checksum = "41cc0f7e4d5d4544e8861606a285bb08d3e70712ccc7d2b84d7c0ccfaf4b05ce"

[[package]]
name = "redox_termios"
version = "0.1.1"
source = "registry+https://github.com/rust-lang/crates.io-index"
checksum = "7e891cfe48e9100a70a3b6eb652fef28920c117d366339687bd5576160db0f76"
dependencies = [
 "redox_syscall",
]

[[package]]
name = "resolv-conf"
version = "0.7.0"
source = "registry+https://github.com/rust-lang/crates.io-index"
checksum = "52e44394d2086d010551b14b53b1f24e31647570cd1deb0379e2c21b329aba00"
dependencies = [
 "hostname",
 "quick-error",
]

[[package]]
name = "rust-crypto"
version = "0.2.36"
source = "registry+https://github.com/rust-lang/crates.io-index"
checksum = "f76d05d3993fd5f4af9434e8e436db163a12a9d40e1a58a726f27a01dfd12a2a"
dependencies = [
 "gcc",
 "libc",
 "rand 0.3.23",
 "rustc-serialize",
 "time",
]

[[package]]
name = "rustc-demangle"
version = "0.1.18"
source = "registry+https://github.com/rust-lang/crates.io-index"
checksum = "6e3bad0ee36814ca07d7968269dd4b7ec89ec2da10c4bb613928d3077083c232"

[[package]]
name = "rustc-serialize"
version = "0.3.24"
source = "registry+https://github.com/rust-lang/crates.io-index"
checksum = "dcf128d1287d2ea9d80910b5f1120d0b8eede3fbf1abe91c40d39ea7d51e6fda"

[[package]]
name = "ryu"
version = "1.0.5"
source = "registry+https://github.com/rust-lang/crates.io-index"
checksum = "71d301d4193d031abdd79ff7e3dd721168a9572ef3fe51a1517aba235bd8f86e"

[[package]]
name = "scopeguard"
version = "1.1.0"
source = "registry+https://github.com/rust-lang/crates.io-index"
checksum = "d29ab0c6d3fc0ee92fe66e2d99f700eab17a8d57d1c1d3b748380fb20baa78cd"

[[package]]
name = "slab"
version = "0.4.2"
source = "registry+https://github.com/rust-lang/crates.io-index"
checksum = "c111b5bd5695e56cffe5129854aa230b39c93a305372fdbb2668ca2394eea9f8"

[[package]]
name = "smallvec"
version = "1.6.1"
source = "registry+https://github.com/rust-lang/crates.io-index"
checksum = "fe0f37c9e8f3c5a4a66ad655a93c74daac4ad00c441533bf5c6e7990bb42604e"

[[package]]
name = "socket2"
version = "0.3.19"
source = "registry+https://github.com/rust-lang/crates.io-index"
checksum = "122e570113d28d773067fab24266b66753f6ea915758651696b6e35e49f88d6e"
dependencies = [
 "cfg-if 1.0.0",
 "libc",
 "winapi",
]

[[package]]
name = "static_assertions"
version = "1.1.0"
source = "registry+https://github.com/rust-lang/crates.io-index"
checksum = "a2eb9349b6444b326872e140eb1cf5e7c522154d69e7a0ffb0fb81c06b37543f"

[[package]]
name = "stderrlog"
version = "0.4.3"
source = "registry+https://github.com/rust-lang/crates.io-index"
checksum = "32e5ee9b90a5452c570a0b0ac1c99ae9498db7e56e33d74366de7f2a7add7f25"
dependencies = [
 "atty",
 "chrono",
 "log",
 "termcolor",
 "thread_local",
]

[[package]]
name = "strsim"
version = "0.8.0"
source = "registry+https://github.com/rust-lang/crates.io-index"
checksum = "8ea5119cdb4c55b55d432abb513a0429384878c15dde60cc77b1c99de1a95a6a"

[[package]]
name = "syn"
version = "0.15.44"
source = "registry+https://github.com/rust-lang/crates.io-index"
checksum = "9ca4b3b69a77cbe1ffc9e198781b7acb0c7365a883670e8f1c1bc66fba79a5c5"
dependencies = [
 "proc-macro2 0.4.30",
 "quote 0.6.13",
 "unicode-xid 0.1.0",
]

[[package]]
name = "syn"
version = "1.0.58"
source = "registry+https://github.com/rust-lang/crates.io-index"
checksum = "cc60a3d73ea6594cd712d830cc1f0390fd71542d8c8cd24e70cc54cdfd5e05d5"
dependencies = [
 "proc-macro2 1.0.24",
 "quote 1.0.8",
 "unicode-xid 0.2.1",
]

[[package]]
name = "synstructure"
version = "0.12.4"
source = "registry+https://github.com/rust-lang/crates.io-index"
checksum = "b834f2d66f734cb897113e34aaff2f1ab4719ca946f9a7358dba8f8064148701"
dependencies = [
 "proc-macro2 1.0.24",
 "quote 1.0.8",
 "syn 1.0.58",
 "unicode-xid 0.2.1",
]

[[package]]
name = "tap"
version = "1.0.0"
source = "registry+https://github.com/rust-lang/crates.io-index"
checksum = "36474e732d1affd3a6ed582781b3683df3d0563714c59c39591e8ff707cf078e"

[[package]]
name = "termcolor"
version = "1.1.2"
source = "registry+https://github.com/rust-lang/crates.io-index"
checksum = "2dfed899f0eb03f32ee8c6a0aabdb8a7949659e3466561fc0adf54e26d88c5f4"
dependencies = [
 "winapi-util",
]

[[package]]
name = "termion"
version = "1.5.5"
source = "registry+https://github.com/rust-lang/crates.io-index"
checksum = "c22cec9d8978d906be5ac94bceb5a010d885c626c4c8855721a4dbd20e3ac905"
dependencies = [
 "libc",
 "numtoa",
 "redox_syscall",
 "redox_termios",
]

[[package]]
name = "textwrap"
version = "0.11.0"
source = "registry+https://github.com/rust-lang/crates.io-index"
checksum = "d326610f408c7a4eb6f51c37c330e496b08506c9457c9d34287ecc38809fb060"
dependencies = [
 "unicode-width",
]

[[package]]
name = "thiserror"
version = "1.0.23"
source = "registry+https://github.com/rust-lang/crates.io-index"
checksum = "76cc616c6abf8c8928e2fdcc0dbfab37175edd8fb49a4641066ad1364fdab146"
dependencies = [
 "thiserror-impl",
]

[[package]]
name = "thiserror-impl"
version = "1.0.23"
source = "registry+https://github.com/rust-lang/crates.io-index"
checksum = "9be73a2caec27583d0046ef3796c3794f868a5bc813db689eed00c7631275cd1"
dependencies = [
 "proc-macro2 1.0.24",
 "quote 1.0.8",
 "syn 1.0.58",
]

[[package]]
name = "thread_local"
version = "0.3.4"
source = "registry+https://github.com/rust-lang/crates.io-index"
checksum = "1697c4b57aeeb7a536b647165a2825faddffb1d3bad386d507709bd51a90bb14"
dependencies = [
 "lazy_static 0.2.11",
 "unreachable",
]

[[package]]
name = "time"
version = "0.1.43"
source = "registry+https://github.com/rust-lang/crates.io-index"
checksum = "ca8a50ef2360fbd1eeb0ecd46795a87a19024eb4b53c5dc916ca1fd95fe62438"
dependencies = [
 "libc",
 "winapi",
]

[[package]]
name = "tinyvec"
version = "1.1.0"
source = "registry+https://github.com/rust-lang/crates.io-index"
checksum = "ccf8dbc19eb42fba10e8feaaec282fb50e2c14b2726d6301dbfeed0f73306a6f"
dependencies = [
 "tinyvec_macros",
]

[[package]]
name = "tinyvec_macros"
version = "0.1.0"
source = "registry+https://github.com/rust-lang/crates.io-index"
checksum = "cda74da7e1a664f795bb1f8a87ec406fb89a02522cf6e50620d016add6dbbf5c"

[[package]]
name = "tokio"
version = "1.0.1"
source = "registry+https://github.com/rust-lang/crates.io-index"
checksum = "d258221f566b6c803c7b4714abadc080172b272090cdc5e244a6d4dd13c3a6bd"
dependencies = [
 "autocfg 1.0.1",
 "libc",
 "mio",
 "num_cpus",
 "pin-project-lite",
]

[[package]]
name = "trust-dns-proto"
version = "0.20.0"
source = "registry+https://github.com/rust-lang/crates.io-index"
checksum = "98a0381b2864c2978db7f8e17c7b23cca5a3a5f99241076e13002261a8ecbabd"
dependencies = [
 "async-trait",
 "cfg-if 1.0.0",
 "data-encoding",
 "enum-as-inner",
 "futures-channel",
 "futures-io",
 "futures-util",
 "idna",
 "ipnet",
 "lazy_static 1.4.0",
 "log",
 "rand 0.8.1",
 "smallvec",
 "thiserror",
 "tokio",
 "url",
]

[[package]]
name = "trust-dns-resolver"
version = "0.20.0"
source = "registry+https://github.com/rust-lang/crates.io-index"
checksum = "3072d18c10bd621cb00507d59cfab5517862285c353160366e37fbf4c74856e4"
dependencies = [
 "cfg-if 1.0.0",
 "futures-util",
 "ipconfig",
 "lazy_static 1.4.0",
 "log",
 "lru-cache",
 "parking_lot",
 "resolv-conf",
 "smallvec",
 "thiserror",
 "tokio",
 "trust-dns-proto",
]

[[package]]
name = "typenum"
version = "1.12.0"
source = "registry+https://github.com/rust-lang/crates.io-index"
checksum = "373c8a200f9e67a0c95e62a4f52fbf80c23b4381c05a17845531982fa99e6b33"

[[package]]
name = "unicode-bidi"
version = "0.3.4"
source = "registry+https://github.com/rust-lang/crates.io-index"
checksum = "49f2bd0c6468a8230e1db229cff8029217cf623c767ea5d60bfbd42729ea54d5"
dependencies = [
 "matches",
]

[[package]]
name = "unicode-normalization"
version = "0.1.16"
source = "registry+https://github.com/rust-lang/crates.io-index"
checksum = "a13e63ab62dbe32aeee58d1c5408d35c36c392bba5d9d3142287219721afe606"
dependencies = [
 "tinyvec",
]

[[package]]
name = "unicode-segmentation"
version = "1.7.1"
source = "registry+https://github.com/rust-lang/crates.io-index"
checksum = "bb0d2e7be6ae3a5fa87eed5fb451aff96f2573d2694942e40543ae0bbe19c796"

[[package]]
name = "unicode-width"
version = "0.1.8"
source = "registry+https://github.com/rust-lang/crates.io-index"
checksum = "9337591893a19b88d8d87f2cec1e73fad5cdfd10e5a6f349f498ad6ea2ffb1e3"

[[package]]
name = "unicode-xid"
version = "0.1.0"
source = "registry+https://github.com/rust-lang/crates.io-index"
checksum = "fc72304796d0818e357ead4e000d19c9c174ab23dc11093ac919054d20a6a7fc"

[[package]]
name = "unicode-xid"
version = "0.2.1"
source = "registry+https://github.com/rust-lang/crates.io-index"
checksum = "f7fe0bb3479651439c9112f72b6c505038574c9fbb575ed1bf3b797fa39dd564"

[[package]]
name = "unreachable"
version = "1.0.0"
source = "registry+https://github.com/rust-lang/crates.io-index"
checksum = "382810877fe448991dfc7f0dd6e3ae5d58088fd0ea5e35189655f84e6814fa56"
dependencies = [
 "void",
]

[[package]]
name = "url"
version = "2.2.0"
source = "registry+https://github.com/rust-lang/crates.io-index"
checksum = "5909f2b0817350449ed73e8bcd81c8c3c8d9a7a5d8acba4b27db277f1868976e"
dependencies = [
 "form_urlencoded",
 "idna",
 "matches",
 "percent-encoding",
]

[[package]]
name = "vec_map"
version = "0.8.2"
source = "registry+https://github.com/rust-lang/crates.io-index"
checksum = "f1bddf1187be692e79c5ffeab891132dfb0f236ed36a43c7ed39f1165ee20191"

[[package]]
name = "version_check"
version = "0.9.2"
source = "registry+https://github.com/rust-lang/crates.io-index"
checksum = "b5a972e5669d67ba988ce3dc826706fb0a8b01471c088cb0b6110b805cc36aed"

[[package]]
name = "void"
version = "1.0.2"
source = "registry+https://github.com/rust-lang/crates.io-index"
checksum = "6a02e4885ed3bc0f2de90ea6dd45ebcbb66dacffe03547fadbb0eeae2770887d"

[[package]]
name = "wasi"
version = "0.10.1+wasi-snapshot-preview1"
source = "registry+https://github.com/rust-lang/crates.io-index"
checksum = "93c6c3420963c5c64bca373b25e77acb562081b9bb4dd5bb864187742186cea9"

[[package]]
name = "widestring"
version = "0.4.3"
source = "registry+https://github.com/rust-lang/crates.io-index"
checksum = "c168940144dd21fd8046987c16a46a33d5fc84eec29ef9dcddc2ac9e31526b7c"

[[package]]
name = "winapi"
version = "0.3.9"
source = "registry+https://github.com/rust-lang/crates.io-index"
checksum = "5c839a674fcd7a98952e593242ea400abe93992746761e38641405d28b00f419"
dependencies = [
 "winapi-i686-pc-windows-gnu",
 "winapi-x86_64-pc-windows-gnu",
]

[[package]]
name = "winapi-i686-pc-windows-gnu"
version = "0.4.0"
source = "registry+https://github.com/rust-lang/crates.io-index"
checksum = "ac3b87c63620426dd9b991e5ce0329eff545bccbbb34f3be09ff6fb6ab51b7b6"

[[package]]
name = "winapi-util"
version = "0.1.5"
source = "registry+https://github.com/rust-lang/crates.io-index"
checksum = "70ec6ce85bb158151cae5e5c87f95a8e97d2c0c4b001223f33a334e3ce5de178"
dependencies = [
 "winapi",
]

[[package]]
name = "winapi-x86_64-pc-windows-gnu"
version = "0.4.0"
source = "registry+https://github.com/rust-lang/crates.io-index"
checksum = "712e227841d057c1ee1cd2fb22fa7e5a5461ae8e48fa2ca79ec42cfc1931183f"

[[package]]
name = "winreg"
version = "0.6.2"
source = "registry+https://github.com/rust-lang/crates.io-index"
checksum = "b2986deb581c4fe11b621998a5e53361efe6b48a151178d0cd9eeffa4dc6acc9"
dependencies = [
 "winapi",
]

[[package]]
name = "wyz"
version = "0.2.0"
source = "registry+https://github.com/rust-lang/crates.io-index"
checksum = "85e60b0d1b5f99db2556934e21937020776a5d31520bf169e851ac44e6420214"
